
Microsoft Visual Studio Solution File, Format Version 12.00
# Visual Studio 15
VisualStudioVersion = 15.0.28307.852
MinimumVisualStudioVersion = 10.0.40219.1
Project("{FAE04EC0-301F-11D3-BF4B-00C04F79EFBC}") = "Week1", "Week1\Week1.csproj", "{37550300-398D-4569-B7D2-AC935FDDCA8D}"
EndProject
Project("{FAE04EC0-301F-11D3-BF4B-00C04F79EFBC}") = "Assignment1", "Assignment1\Assignment1.csproj", "{A1806416-5CBD-4065-B791-EF73B4F87761}"
EndProject
Project("{FAE04EC0-301F-11D3-BF4B-00C04F79EFBC}") = "Week2", "Week2\Week2.csproj", "{EA8A247A-2DDE-48C3-9B7D-B729B94AE65A}"
EndProject
Project("{FAE04EC0-301F-11D3-BF4B-00C04F79EFBC}") = "Assignment2", "Assignment2\Assignment2.csproj", "{63A103EE-83FF-4F3B-9B45-E97C9C8BE5CD}"
EndProject
Project("{FAE04EC0-301F-11D3-BF4B-00C04F79EFBC}") = "Week3Lib", "Week3Lib\Week3Lib.csproj", "{D482E7BB-0A4E-4F65-8070-99D2A8814EAC}"
EndProject
Project("{FAE04EC0-301F-11D3-BF4B-00C04F79EFBC}") = "Week3", "Week3\Week3.csproj", "{F59F4791-80A2-4355-B446-9E0B81F003A3}"
EndProject
Project("{FAE04EC0-301F-11D3-BF4B-00C04F79EFBC}") = "Week4", "Week4\Week4.csproj", "{5462E08D-5ACF-430B-B592-13D46F516914}"
EndProject
Project("{FAE04EC0-301F-11D3-BF4B-00C04F79EFBC}") = "Week5", "Week5\Week5.csproj", "{7A57D2C2-EC39-469B-AA43-32BF41C7D447}"
EndProject
Project("{FAE04EC0-301F-11D3-BF4B-00C04F79EFBC}") = "Assignment3", "Assignment3\Assignment3.csproj", "{25CAD3BD-5EE8-4842-86B4-817C4BF315DE}"
EndProject
Project("{FAE04EC0-301F-11D3-BF4B-00C04F79EFBC}") = "Week6", "Week6\Week6.csproj", "{57BC0CE6-D73C-4AD5-AF32-7F80E579A532}"
EndProject
Project("{FAE04EC0-301F-11D3-BF4B-00C04F79EFBC}") = "Week7", "Week7\Week7.csproj", "{07516634-7930-4E2B-9F14-559F4E6A1B93}"
EndProject
Project("{FAE04EC0-301F-11D3-BF4B-00C04F79EFBC}") = "Week7_canvas", "Week7_canvas\Week7_canvas.csproj", "{F81AA6CF-C203-4D76-8FA2-9F465D66BD98}"
EndProject
Global
	GlobalSection(SolutionConfigurationPlatforms) = preSolution
		Debug|Any CPU = Debug|Any CPU
		Release|Any CPU = Release|Any CPU
	EndGlobalSection
	GlobalSection(ProjectConfigurationPlatforms) = postSolution
		{37550300-398D-4569-B7D2-AC935FDDCA8D}.Debug|Any CPU.ActiveCfg = Debug|Any CPU
		{37550300-398D-4569-B7D2-AC935FDDCA8D}.Debug|Any CPU.Build.0 = Debug|Any CPU
		{37550300-398D-4569-B7D2-AC935FDDCA8D}.Release|Any CPU.ActiveCfg = Release|Any CPU
		{37550300-398D-4569-B7D2-AC935FDDCA8D}.Release|Any CPU.Build.0 = Release|Any CPU
		{A1806416-5CBD-4065-B791-EF73B4F87761}.Debug|Any CPU.ActiveCfg = Debug|Any CPU
		{A1806416-5CBD-4065-B791-EF73B4F87761}.Debug|Any CPU.Build.0 = Debug|Any CPU
		{A1806416-5CBD-4065-B791-EF73B4F87761}.Release|Any CPU.ActiveCfg = Release|Any CPU
		{A1806416-5CBD-4065-B791-EF73B4F87761}.Release|Any CPU.Build.0 = Release|Any CPU
		{EA8A247A-2DDE-48C3-9B7D-B729B94AE65A}.Debug|Any CPU.ActiveCfg = Debug|Any CPU
		{EA8A247A-2DDE-48C3-9B7D-B729B94AE65A}.Debug|Any CPU.Build.0 = Debug|Any CPU
		{EA8A247A-2DDE-48C3-9B7D-B729B94AE65A}.Release|Any CPU.ActiveCfg = Release|Any CPU
		{EA8A247A-2DDE-48C3-9B7D-B729B94AE65A}.Release|Any CPU.Build.0 = Release|Any CPU
		{63A103EE-83FF-4F3B-9B45-E97C9C8BE5CD}.Debug|Any CPU.ActiveCfg = Debug|Any CPU
		{63A103EE-83FF-4F3B-9B45-E97C9C8BE5CD}.Debug|Any CPU.Build.0 = Debug|Any CPU
		{63A103EE-83FF-4F3B-9B45-E97C9C8BE5CD}.Release|Any CPU.ActiveCfg = Release|Any CPU
		{63A103EE-83FF-4F3B-9B45-E97C9C8BE5CD}.Release|Any CPU.Build.0 = Release|Any CPU
		{D482E7BB-0A4E-4F65-8070-99D2A8814EAC}.Debug|Any CPU.ActiveCfg = Debug|Any CPU
		{D482E7BB-0A4E-4F65-8070-99D2A8814EAC}.Debug|Any CPU.Build.0 = Debug|Any CPU
		{D482E7BB-0A4E-4F65-8070-99D2A8814EAC}.Release|Any CPU.ActiveCfg = Release|Any CPU
		{D482E7BB-0A4E-4F65-8070-99D2A8814EAC}.Release|Any CPU.Build.0 = Release|Any CPU
		{F59F4791-80A2-4355-B446-9E0B81F003A3}.Debug|Any CPU.ActiveCfg = Debug|Any CPU
		{F59F4791-80A2-4355-B446-9E0B81F003A3}.Debug|Any CPU.Build.0 = Debug|Any CPU
		{F59F4791-80A2-4355-B446-9E0B81F003A3}.Release|Any CPU.ActiveCfg = Release|Any CPU
		{F59F4791-80A2-4355-B446-9E0B81F003A3}.Release|Any CPU.Build.0 = Release|Any CPU
		{5462E08D-5ACF-430B-B592-13D46F516914}.Debug|Any CPU.ActiveCfg = Debug|Any CPU
		{5462E08D-5ACF-430B-B592-13D46F516914}.Debug|Any CPU.Build.0 = Debug|Any CPU
		{5462E08D-5ACF-430B-B592-13D46F516914}.Release|Any CPU.ActiveCfg = Release|Any CPU
		{5462E08D-5ACF-430B-B592-13D46F516914}.Release|Any CPU.Build.0 = Release|Any CPU
		{7A57D2C2-EC39-469B-AA43-32BF41C7D447}.Debug|Any CPU.ActiveCfg = Debug|Any CPU
		{7A57D2C2-EC39-469B-AA43-32BF41C7D447}.Debug|Any CPU.Build.0 = Debug|Any CPU
		{7A57D2C2-EC39-469B-AA43-32BF41C7D447}.Release|Any CPU.ActiveCfg = Release|Any CPU
		{7A57D2C2-EC39-469B-AA43-32BF41C7D447}.Release|Any CPU.Build.0 = Release|Any CPU
		{25CAD3BD-5EE8-4842-86B4-817C4BF315DE}.Debug|Any CPU.ActiveCfg = Debug|Any CPU
		{25CAD3BD-5EE8-4842-86B4-817C4BF315DE}.Debug|Any CPU.Build.0 = Debug|Any CPU
		{25CAD3BD-5EE8-4842-86B4-817C4BF315DE}.Release|Any CPU.ActiveCfg = Release|Any CPU
		{25CAD3BD-5EE8-4842-86B4-817C4BF315DE}.Release|Any CPU.Build.0 = Release|Any CPU
		{57BC0CE6-D73C-4AD5-AF32-7F80E579A532}.Debug|Any CPU.ActiveCfg = Debug|Any CPU
		{57BC0CE6-D73C-4AD5-AF32-7F80E579A532}.Debug|Any CPU.Build.0 = Debug|Any CPU
		{57BC0CE6-D73C-4AD5-AF32-7F80E579A532}.Release|Any CPU.ActiveCfg = Release|Any CPU
		{57BC0CE6-D73C-4AD5-AF32-7F80E579A532}.Release|Any CPU.Build.0 = Release|Any CPU
		{07516634-7930-4E2B-9F14-559F4E6A1B93}.Debug|Any CPU.ActiveCfg = Debug|Any CPU
		{07516634-7930-4E2B-9F14-559F4E6A1B93}.Debug|Any CPU.Build.0 = Debug|Any CPU
		{07516634-7930-4E2B-9F14-559F4E6A1B93}.Release|Any CPU.ActiveCfg = Release|Any CPU
		{07516634-7930-4E2B-9F14-559F4E6A1B93}.Release|Any CPU.Build.0 = Release|Any CPU
		{F81AA6CF-C203-4D76-8FA2-9F465D66BD98}.Debug|Any CPU.ActiveCfg = Debug|Any CPU
		{F81AA6CF-C203-4D76-8FA2-9F465D66BD98}.Debug|Any CPU.Build.0 = Debug|Any CPU
		{F81AA6CF-C203-4D76-8FA2-9F465D66BD98}.Release|Any CPU.ActiveCfg = Release|Any CPU
		{F81AA6CF-C203-4D76-8FA2-9F465D66BD98}.Release|Any CPU.Build.0 = Release|Any CPU
	EndGlobalSection
	GlobalSection(SolutionProperties) = preSolution
		HideSolutionNode = FALSE
	EndGlobalSection
	GlobalSection(ExtensibilityGlobals) = postSolution
		SolutionGuid = {1582BCD0-D8D0-47D4-ABFA-10DC4350A503}
	EndGlobalSection
EndGlobal
