
Microsoft Visual Studio Solution File, Format Version 12.00
# Visual Studio Version 16
VisualStudioVersion = 16.0.30523.141
MinimumVisualStudioVersion = 10.0.40219.1
Project("{9A19103F-16F7-4668-BE54-9A1E7A4F7556}") = "Week01", "Week01\Week01.csproj", "{DBB3A22C-BC24-47CC-A525-0D75766E2503}"
EndProject
Project("{9A19103F-16F7-4668-BE54-9A1E7A4F7556}") = "Assignment1", "Assignment1\Assignment1.csproj", "{E77F60FE-4448-45AA-B0F6-B00ACEBF5C1A}"
EndProject
Project("{9A19103F-16F7-4668-BE54-9A1E7A4F7556}") = "Week02", "Week02\Week02.csproj", "{D22F97FF-1EBE-482B-B480-5A8ABCCA047C}"
EndProject
Project("{9A19103F-16F7-4668-BE54-9A1E7A4F7556}") = "Assignment2a", "Assignment2a\Assignment2a.csproj", "{217C3F44-2E3C-4C7A-B7AD-ECEF84DA03E2}"
EndProject
Project("{9A19103F-16F7-4668-BE54-9A1E7A4F7556}") = "Week03", "Week03\Week03.csproj", "{1F4EC98B-E160-4093-B36B-A9CB4F9CBFBF}"
EndProject
Project("{FAE04EC0-301F-11D3-BF4B-00C04F79EFBC}") = "Week4", "Week4\Week4.csproj", "{18E0A59B-2A0F-4466-8BD5-0561EB08F6F1}"
EndProject
Project("{FAE04EC0-301F-11D3-BF4B-00C04F79EFBC}") = "Week03Lib", "Week03Lib\Week03Lib.csproj", "{A6A7D2A3-D6A7-454F-9AE6-7EFE89239272}"
EndProject
Global
	GlobalSection(SolutionConfigurationPlatforms) = preSolution
		Debug|Any CPU = Debug|Any CPU
		Release|Any CPU = Release|Any CPU
	EndGlobalSection
	GlobalSection(ProjectConfigurationPlatforms) = postSolution
		{DBB3A22C-BC24-47CC-A525-0D75766E2503}.Debug|Any CPU.ActiveCfg = Debug|Any CPU
		{DBB3A22C-BC24-47CC-A525-0D75766E2503}.Debug|Any CPU.Build.0 = Debug|Any CPU
		{DBB3A22C-BC24-47CC-A525-0D75766E2503}.Release|Any CPU.ActiveCfg = Release|Any CPU
		{DBB3A22C-BC24-47CC-A525-0D75766E2503}.Release|Any CPU.Build.0 = Release|Any CPU
		{E77F60FE-4448-45AA-B0F6-B00ACEBF5C1A}.Debug|Any CPU.ActiveCfg = Debug|Any CPU
		{E77F60FE-4448-45AA-B0F6-B00ACEBF5C1A}.Debug|Any CPU.Build.0 = Debug|Any CPU
		{E77F60FE-4448-45AA-B0F6-B00ACEBF5C1A}.Release|Any CPU.ActiveCfg = Release|Any CPU
		{E77F60FE-4448-45AA-B0F6-B00ACEBF5C1A}.Release|Any CPU.Build.0 = Release|Any CPU
		{D22F97FF-1EBE-482B-B480-5A8ABCCA047C}.Debug|Any CPU.ActiveCfg = Debug|Any CPU
		{D22F97FF-1EBE-482B-B480-5A8ABCCA047C}.Debug|Any CPU.Build.0 = Debug|Any CPU
		{D22F97FF-1EBE-482B-B480-5A8ABCCA047C}.Release|Any CPU.ActiveCfg = Release|Any CPU
		{D22F97FF-1EBE-482B-B480-5A8ABCCA047C}.Release|Any CPU.Build.0 = Release|Any CPU
		{217C3F44-2E3C-4C7A-B7AD-ECEF84DA03E2}.Debug|Any CPU.ActiveCfg = Debug|Any CPU
		{217C3F44-2E3C-4C7A-B7AD-ECEF84DA03E2}.Debug|Any CPU.Build.0 = Debug|Any CPU
		{217C3F44-2E3C-4C7A-B7AD-ECEF84DA03E2}.Release|Any CPU.ActiveCfg = Release|Any CPU
		{217C3F44-2E3C-4C7A-B7AD-ECEF84DA03E2}.Release|Any CPU.Build.0 = Release|Any CPU
		{1F4EC98B-E160-4093-B36B-A9CB4F9CBFBF}.Debug|Any CPU.ActiveCfg = Debug|Any CPU
		{1F4EC98B-E160-4093-B36B-A9CB4F9CBFBF}.Debug|Any CPU.Build.0 = Debug|Any CPU
		{1F4EC98B-E160-4093-B36B-A9CB4F9CBFBF}.Release|Any CPU.ActiveCfg = Release|Any CPU
		{1F4EC98B-E160-4093-B36B-A9CB4F9CBFBF}.Release|Any CPU.Build.0 = Release|Any CPU
		{18E0A59B-2A0F-4466-8BD5-0561EB08F6F1}.Debug|Any CPU.ActiveCfg = Debug|Any CPU
		{18E0A59B-2A0F-4466-8BD5-0561EB08F6F1}.Debug|Any CPU.Build.0 = Debug|Any CPU
		{18E0A59B-2A0F-4466-8BD5-0561EB08F6F1}.Release|Any CPU.ActiveCfg = Release|Any CPU
		{18E0A59B-2A0F-4466-8BD5-0561EB08F6F1}.Release|Any CPU.Build.0 = Release|Any CPU
		{A6A7D2A3-D6A7-454F-9AE6-7EFE89239272}.Debug|Any CPU.ActiveCfg = Debug|Any CPU
		{A6A7D2A3-D6A7-454F-9AE6-7EFE89239272}.Debug|Any CPU.Build.0 = Debug|Any CPU
		{A6A7D2A3-D6A7-454F-9AE6-7EFE89239272}.Release|Any CPU.ActiveCfg = Release|Any CPU
		{A6A7D2A3-D6A7-454F-9AE6-7EFE89239272}.Release|Any CPU.Build.0 = Release|Any CPU
	EndGlobalSection
	GlobalSection(SolutionProperties) = preSolution
		HideSolutionNode = FALSE
	EndGlobalSection
	GlobalSection(ExtensibilityGlobals) = postSolution
		SolutionGuid = {B47DDC1C-511A-4A39-AF71-59FBF46E4F26}
	EndGlobalSection
EndGlobal
