
Microsoft Visual Studio Solution File, Format Version 12.00
# Visual Studio 15
VisualStudioVersion = 15.0.28307.852
MinimumVisualStudioVersion = 10.0.40219.1
Project("{FAE04EC0-301F-11D3-BF4B-00C04F79EFBC}") = "Week1", "Week1\Week1.csproj", "{37550300-398D-4569-B7D2-AC935FDDCA8D}"
EndProject
Project("{FAE04EC0-301F-11D3-BF4B-00C04F79EFBC}") = "Assignment1", "Assignment1\Assignment1.csproj", "{A1806416-5CBD-4065-B791-EF73B4F87761}"
EndProject
Global
	GlobalSection(SolutionConfigurationPlatforms) = preSolution
		Debug|Any CPU = Debug|Any CPU
		Release|Any CPU = Release|Any CPU
	EndGlobalSection
	GlobalSection(ProjectConfigurationPlatforms) = postSolution
		{37550300-398D-4569-B7D2-AC935FDDCA8D}.Debug|Any CPU.ActiveCfg = Debug|Any CPU
		{37550300-398D-4569-B7D2-AC935FDDCA8D}.Debug|Any CPU.Build.0 = Debug|Any CPU
		{37550300-398D-4569-B7D2-AC935FDDCA8D}.Release|Any CPU.ActiveCfg = Release|Any CPU
		{37550300-398D-4569-B7D2-AC935FDDCA8D}.Release|Any CPU.Build.0 = Release|Any CPU
		{A1806416-5CBD-4065-B791-EF73B4F87761}.Debug|Any CPU.ActiveCfg = Debug|Any CPU
		{A1806416-5CBD-4065-B791-EF73B4F87761}.Debug|Any CPU.Build.0 = Debug|Any CPU
		{A1806416-5CBD-4065-B791-EF73B4F87761}.Release|Any CPU.ActiveCfg = Release|Any CPU
		{A1806416-5CBD-4065-B791-EF73B4F87761}.Release|Any CPU.Build.0 = Release|Any CPU
	EndGlobalSection
	GlobalSection(SolutionProperties) = preSolution
		HideSolutionNode = FALSE
	EndGlobalSection
	GlobalSection(ExtensibilityGlobals) = postSolution
		SolutionGuid = {1582BCD0-D8D0-47D4-ABFA-10DC4350A503}
	EndGlobalSection
EndGlobal
