
Microsoft Visual Studio Solution File, Format Version 12.00
# Visual Studio 15
VisualStudioVersion = 15.0.28307.1062
MinimumVisualStudioVersion = 10.0.40219.1
Project("{FAE04EC0-301F-11D3-BF4B-00C04F79EFBC}") = "Assignment1", "Assignment1.csproj", "{A1806416-5CBD-4065-B791-EF73B4F87761}"
EndProject
Global
	GlobalSection(SolutionConfigurationPlatforms) = preSolution
		Debug|Any CPU = Debug|Any CPU
		Release|Any CPU = Release|Any CPU
	EndGlobalSection
	GlobalSection(ProjectConfigurationPlatforms) = postSolution
		{A1806416-5CBD-4065-B791-EF73B4F87761}.Debug|Any CPU.ActiveCfg = Debug|Any CPU
		{A1806416-5CBD-4065-B791-EF73B4F87761}.Debug|Any CPU.Build.0 = Debug|Any CPU
		{A1806416-5CBD-4065-B791-EF73B4F87761}.Release|Any CPU.ActiveCfg = Release|Any CPU
		{A1806416-5CBD-4065-B791-EF73B4F87761}.Release|Any CPU.Build.0 = Release|Any CPU
	EndGlobalSection
	GlobalSection(SolutionProperties) = preSolution
		HideSolutionNode = FALSE
	EndGlobalSection
	GlobalSection(ExtensibilityGlobals) = postSolution
		SolutionGuid = {080BBD25-AA56-4FF7-AB97-06EC8B136E6E}
	EndGlobalSection
EndGlobal
