
Microsoft Visual Studio Solution File, Format Version 12.00
# Visual Studio 15
VisualStudioVersion = 15.0.28307.1169
MinimumVisualStudioVersion = 10.0.40219.1
Project("{FAE04EC0-301F-11D3-BF4B-00C04F79EFBC}") = "TextureAtlasLib", "TextureAtlasLib.csproj", "{6A6F16C6-1145-4838-ACA0-A06265CD16DE}"
EndProject
Global
	GlobalSection(SolutionConfigurationPlatforms) = preSolution
		Debug|Any CPU = Debug|Any CPU
		Release|Any CPU = Release|Any CPU
	EndGlobalSection
	GlobalSection(ProjectConfigurationPlatforms) = postSolution
		{6A6F16C6-1145-4838-ACA0-A06265CD16DE}.Debug|Any CPU.ActiveCfg = Debug|Any CPU
		{6A6F16C6-1145-4838-ACA0-A06265CD16DE}.Debug|Any CPU.Build.0 = Debug|Any CPU
		{6A6F16C6-1145-4838-ACA0-A06265CD16DE}.Release|Any CPU.ActiveCfg = Release|Any CPU
		{6A6F16C6-1145-4838-ACA0-A06265CD16DE}.Release|Any CPU.Build.0 = Release|Any CPU
	EndGlobalSection
	GlobalSection(SolutionProperties) = preSolution
		HideSolutionNode = FALSE
	EndGlobalSection
	GlobalSection(ExtensibilityGlobals) = postSolution
		SolutionGuid = {A84C122C-A711-46E8-BF1A-BAE438236CA2}
	EndGlobalSection
EndGlobal
